
Microsoft Visual Studio Solution File, Format Version 12.00
# Visual Studio Version 17
VisualStudioVersion = 17.14.37216.2
MinimumVisualStudioVersion = 10.0.40219.1
Project("{8BC9CEB8-8B4A-11D0-8D11-00A0C91BC942}") = "SysRestoreDriver", "SysRestoreDriver\SysRestoreDriver.vcxproj", "{BEDB773C-51C3-CFA8-3B1D-6A968EFE9467}"
EndProject
Project("{8BC9CEB8-8B4A-11D0-8D11-00A0C91BC942}") = "QHEngineUI", "QHEngineUI\QHEngineUI.vcxproj", "{CD938D06-02F3-4C4A-B75A-DD4FEA4B4F4E}"
	ProjectSection(ProjectDependencies) = postProject
		{BEDB773C-51C3-CFA8-3B1D-6A968EFE9467} = {BEDB773C-51C3-CFA8-3B1D-6A968EFE9467}
	EndProjectSection
EndProject
Project("{8BC9CEB8-8B4A-11D0-8D11-00A0C91BC942}") = "QHConsole", "QHConsole\QHConsole.vcxproj", "{A1B2C3D4-E5F6-7890-ABCD-EF1234567890}"
	ProjectSection(ProjectDependencies) = postProject
		{BEDB773C-51C3-CFA8-3B1D-6A968EFE9467} = {BEDB773C-51C3-CFA8-3B1D-6A968EFE9467}
	EndProjectSection
EndProject
Project("{8BC9CEB8-8B4A-11D0-8D11-00A0C91BC942}") = "QHSectorDump", "QHSectorDump\QHSectorDump.vcxproj", "{B2C3D4E5-F6A7-8901-BCDE-F12345678901}"
	ProjectSection(ProjectDependencies) = postProject
		{BEDB773C-51C3-CFA8-3B1D-6A968EFE9467} = {BEDB773C-51C3-CFA8-3B1D-6A968EFE9467}
	EndProjectSection
EndProject
Global
	GlobalSection(SolutionConfigurationPlatforms) = preSolution
		Debug|ARM64 = Debug|ARM64
		Debug|x64 = Debug|x64
		Release|ARM64 = Release|ARM64
		Release|x64 = Release|x64
	EndGlobalSection
	GlobalSection(ProjectConfigurationPlatforms) = postSolution
		{BEDB773C-51C3-CFA8-3B1D-6A968EFE9467}.Debug|ARM64.ActiveCfg = Debug|ARM64
		{BEDB773C-51C3-CFA8-3B1D-6A968EFE9467}.Debug|ARM64.Build.0 = Debug|ARM64
		{BEDB773C-51C3-CFA8-3B1D-6A968EFE9467}.Debug|ARM64.Deploy.0 = Debug|ARM64
		{BEDB773C-51C3-CFA8-3B1D-6A968EFE9467}.Debug|x64.ActiveCfg = Debug|x64
		{BEDB773C-51C3-CFA8-3B1D-6A968EFE9467}.Debug|x64.Build.0 = Debug|x64
		{BEDB773C-51C3-CFA8-3B1D-6A968EFE9467}.Debug|x64.Deploy.0 = Debug|x64
		{BEDB773C-51C3-CFA8-3B1D-6A968EFE9467}.Release|ARM64.ActiveCfg = Release|ARM64
		{BEDB773C-51C3-CFA8-3B1D-6A968EFE9467}.Release|ARM64.Build.0 = Release|ARM64
		{BEDB773C-51C3-CFA8-3B1D-6A968EFE9467}.Release|ARM64.Deploy.0 = Release|ARM64
		{BEDB773C-51C3-CFA8-3B1D-6A968EFE9467}.Release|x64.ActiveCfg = Release|x64
		{BEDB773C-51C3-CFA8-3B1D-6A968EFE9467}.Release|x64.Build.0 = Release|x64
		{BEDB773C-51C3-CFA8-3B1D-6A968EFE9467}.Release|x64.Deploy.0 = Release|x64
		{CD938D06-02F3-4C4A-B75A-DD4FEA4B4F4E}.Debug|ARM64.ActiveCfg = Debug|x64
		{CD938D06-02F3-4C4A-B75A-DD4FEA4B4F4E}.Debug|ARM64.Build.0 = Debug|x64
		{CD938D06-02F3-4C4A-B75A-DD4FEA4B4F4E}.Debug|x64.ActiveCfg = Debug|x64
		{CD938D06-02F3-4C4A-B75A-DD4FEA4B4F4E}.Debug|x64.Build.0 = Debug|x64
		{CD938D06-02F3-4C4A-B75A-DD4FEA4B4F4E}.Release|ARM64.ActiveCfg = Release|x64
		{CD938D06-02F3-4C4A-B75A-DD4FEA4B4F4E}.Release|ARM64.Build.0 = Release|x64
		{CD938D06-02F3-4C4A-B75A-DD4FEA4B4F4E}.Release|x64.ActiveCfg = Release|x64
		{CD938D06-02F3-4C4A-B75A-DD4FEA4B4F4E}.Release|x64.Build.0 = Release|x64
		{A1B2C3D4-E5F6-7890-ABCD-EF1234567890}.Debug|ARM64.ActiveCfg = Debug|x64
		{A1B2C3D4-E5F6-7890-ABCD-EF1234567890}.Debug|ARM64.Build.0 = Debug|x64
		{A1B2C3D4-E5F6-7890-ABCD-EF1234567890}.Debug|x64.ActiveCfg = Debug|x64
		{A1B2C3D4-E5F6-7890-ABCD-EF1234567890}.Debug|x64.Build.0 = Debug|x64
		{A1B2C3D4-E5F6-7890-ABCD-EF1234567890}.Release|ARM64.ActiveCfg = Release|x64
		{A1B2C3D4-E5F6-7890-ABCD-EF1234567890}.Release|ARM64.Build.0 = Release|x64
		{A1B2C3D4-E5F6-7890-ABCD-EF1234567890}.Release|x64.ActiveCfg = Release|x64
		{A1B2C3D4-E5F6-7890-ABCD-EF1234567890}.Release|x64.Build.0 = Release|x64
		{B2C3D4E5-F6A7-8901-BCDE-F12345678901}.Debug|ARM64.ActiveCfg = Debug|x64
		{B2C3D4E5-F6A7-8901-BCDE-F12345678901}.Debug|ARM64.Build.0 = Debug|x64
		{B2C3D4E5-F6A7-8901-BCDE-F12345678901}.Debug|x64.ActiveCfg = Debug|x64
		{B2C3D4E5-F6A7-8901-BCDE-F12345678901}.Debug|x64.Build.0 = Debug|x64
		{B2C3D4E5-F6A7-8901-BCDE-F12345678901}.Release|ARM64.ActiveCfg = Release|x64
		{B2C3D4E5-F6A7-8901-BCDE-F12345678901}.Release|ARM64.Build.0 = Release|x64
		{B2C3D4E5-F6A7-8901-BCDE-F12345678901}.Release|x64.ActiveCfg = Release|x64
		{B2C3D4E5-F6A7-8901-BCDE-F12345678901}.Release|x64.Build.0 = Release|x64
	EndGlobalSection
	GlobalSection(SolutionProperties) = preSolution
		HideSolutionNode = FALSE
	EndGlobalSection
	GlobalSection(ExtensibilityGlobals) = postSolution
		SolutionGuid = {64FF208F-B8ED-4E4D-BF5B-A25BD5770EC6}
	EndGlobalSection
EndGlobal
